Microsoft Visual Studio Solution File, Format Version 9.00
Project("{FAE04EC0-301F-11D3-BF4B-00C04F79EFBC}") = "MWFResourceEditor", "MWFResourceEditor.csproj", "{BC33943A-2C2F-488F-B544-6556791094FB}"
EndProject
Global
	GlobalSection(SolutionConfigurationPlatforms) = preSolution
		Debug|Any CPU = Debug|Any CPU
		Release|Any CPU = Release|Any CPU
	EndGlobalSection
	GlobalSection(ProjectConfigurationPlatforms) = postSolution
		{BC33943A-2C2F-488F-B544-6556791094FB}.Debug|Any CPU.ActiveCfg = Debug|Any CPU
		{BC33943A-2C2F-488F-B544-6556791094FB}.Debug|Any CPU.Build.0 = Debug|Any CPU
		{BC33943A-2C2F-488F-B544-6556791094FB}.Release|Any CPU.ActiveCfg = Release|Any CPU
		{BC33943A-2C2F-488F-B544-6556791094FB}.Release|Any CPU.Build.0 = Release|Any CPU
	EndGlobalSection
	GlobalSection(SolutionProperties) = preSolution
		HideSolutionNode = FALSE
	EndGlobalSection
EndGlobal
